{
  "name": "botmaster",
  "version": "1.0.0",
  "lockfileVersion": 3,
  "requires": true,
  "packages": {
    "": {
      "name": "botmaster",
      "version": "1.0.0",
      "license": "MIT",
      "devDependencies": {
        "mustache": "^4.2.0"
      }
    },
    "node_modules/mustache": {
      "version": "4.2.0",
      "dev": true,
      "license": "MIT",
      "bin": {
        "mustache": "bin/mustache"
      }
    }
  }
}
